
Microsoft Visual Studio Solution File, Format Version 12.00
# Visual Studio Version 17
VisualStudioVersion = 17.4.32804.182
MinimumVisualStudioVersion = 10.0.40219.1
Project("{9A19103F-16F7-4668-BE54-9A1E7A4F7556}") = "Api.Minimal", "Api.Minimal\Api.Minimal.csproj", "{C0AB5601-842E-4F0E-8EE6-891FF00071E2}"
EndProject
Project("{9A19103F-16F7-4668-BE54-9A1E7A4F7556}") = "Api.Mvc", "Api.Mvc\Api.Mvc.csproj", "{A8B6D17B-D95B-434D-9124-C1392D50E3F0}"
EndProject
Project("{9A19103F-16F7-4668-BE54-9A1E7A4F7556}") = "Web.Mvc", "Web.Mvc\Web.Mvc.csproj", "{42B99F99-916D-4683-9B11-BDA311B8D387}"
EndProject
Project("{9A19103F-16F7-4668-BE54-9A1E7A4F7556}") = "Web.Razor", "Web.Razor\Web.Razor.csproj", "{E34F12B9-D864-498B-9FE3-3C947C18B04B}"
EndProject
Project("{FAE04EC0-301F-11D3-BF4B-00C04F79EFBC}") = "Shared", "Shared\Shared.csproj", "{8BC92B5C-03DD-479D-9A6C-6DC125EC2A74}"
EndProject
Global
	GlobalSection(SolutionConfigurationPlatforms) = preSolution
		Debug|Any CPU = Debug|Any CPU
		Release|Any CPU = Release|Any CPU
	EndGlobalSection
	GlobalSection(ProjectConfigurationPlatforms) = postSolution
		{C0AB5601-842E-4F0E-8EE6-891FF00071E2}.Debug|Any CPU.ActiveCfg = Debug|Any CPU
		{C0AB5601-842E-4F0E-8EE6-891FF00071E2}.Debug|Any CPU.Build.0 = Debug|Any CPU
		{C0AB5601-842E-4F0E-8EE6-891FF00071E2}.Release|Any CPU.ActiveCfg = Release|Any CPU
		{C0AB5601-842E-4F0E-8EE6-891FF00071E2}.Release|Any CPU.Build.0 = Release|Any CPU
		{A8B6D17B-D95B-434D-9124-C1392D50E3F0}.Debug|Any CPU.ActiveCfg = Debug|Any CPU
		{A8B6D17B-D95B-434D-9124-C1392D50E3F0}.Debug|Any CPU.Build.0 = Debug|Any CPU
		{A8B6D17B-D95B-434D-9124-C1392D50E3F0}.Release|Any CPU.ActiveCfg = Release|Any CPU
		{A8B6D17B-D95B-434D-9124-C1392D50E3F0}.Release|Any CPU.Build.0 = Release|Any CPU
		{42B99F99-916D-4683-9B11-BDA311B8D387}.Debug|Any CPU.ActiveCfg = Debug|Any CPU
		{42B99F99-916D-4683-9B11-BDA311B8D387}.Debug|Any CPU.Build.0 = Debug|Any CPU
		{42B99F99-916D-4683-9B11-BDA311B8D387}.Release|Any CPU.ActiveCfg = Release|Any CPU
		{42B99F99-916D-4683-9B11-BDA311B8D387}.Release|Any CPU.Build.0 = Release|Any CPU
		{E34F12B9-D864-498B-9FE3-3C947C18B04B}.Debug|Any CPU.ActiveCfg = Debug|Any CPU
		{E34F12B9-D864-498B-9FE3-3C947C18B04B}.Debug|Any CPU.Build.0 = Debug|Any CPU
		{E34F12B9-D864-498B-9FE3-3C947C18B04B}.Release|Any CPU.ActiveCfg = Release|Any CPU
		{E34F12B9-D864-498B-9FE3-3C947C18B04B}.Release|Any CPU.Build.0 = Release|Any CPU
		{8BC92B5C-03DD-479D-9A6C-6DC125EC2A74}.Debug|Any CPU.ActiveCfg = Debug|Any CPU
		{8BC92B5C-03DD-479D-9A6C-6DC125EC2A74}.Debug|Any CPU.Build.0 = Debug|Any CPU
		{8BC92B5C-03DD-479D-9A6C-6DC125EC2A74}.Release|Any CPU.ActiveCfg = Release|Any CPU
		{8BC92B5C-03DD-479D-9A6C-6DC125EC2A74}.Release|Any CPU.Build.0 = Release|Any CPU
	EndGlobalSection
	GlobalSection(SolutionProperties) = preSolution
		HideSolutionNode = FALSE
	EndGlobalSection
	GlobalSection(ExtensibilityGlobals) = postSolution
		SolutionGuid = {752103B2-4DE9-4CF7-A53B-9369B0981F63}
	EndGlobalSection
EndGlobal
